
Microsoft Visual Studio Solution File, Format Version 12.00
# Visual Studio 14
VisualStudioVersion = 14.0.25420.1
MinimumVisualStudioVersion = 10.0.40219.1
Project("{FAE04EC0-301F-11D3-BF4B-00C04F79EFBC}") = "DataContractLibrary", "DataContractLibrary\DataContractLibrary.csproj", "{DD02B14C-0413-40FA-8FC7-D5387875E138}"
EndProject
Project("{FAE04EC0-301F-11D3-BF4B-00C04F79EFBC}") = "AgrregatorSvc", "AgrregatorSvc\AgrregatorSvc.csproj", "{0811F234-F4C3-467A-AD07-B47D2F2E501F}"
EndProject
Project("{FAE04EC0-301F-11D3-BF4B-00C04F79EFBC}") = "InfoService", "InfoService\InfoService.csproj", "{60874D70-D2AF-46A4-8305-EFE7237654A9}"
EndProject
Project("{FAE04EC0-301F-11D3-BF4B-00C04F79EFBC}") = "RequestService", "RequestService\RequestService.csproj", "{55175C42-0ACC-4D7F-8DD4-23B71DDE159E}"
EndProject
Project("{FAE04EC0-301F-11D3-BF4B-00C04F79EFBC}") = "DSP", "DSP\DSP.csproj", "{174F0D2D-0678-454E-957E-9098ACA559CE}"
	ProjectSection(ProjectDependencies) = postProject
		{55175C42-0ACC-4D7F-8DD4-23B71DDE159E} = {55175C42-0ACC-4D7F-8DD4-23B71DDE159E}
		{60874D70-D2AF-46A4-8305-EFE7237654A9} = {60874D70-D2AF-46A4-8305-EFE7237654A9}
	EndProjectSection
EndProject
Project("{FAE04EC0-301F-11D3-BF4B-00C04F79EFBC}") = "Workflows", "Workflows\Workflows.csproj", "{1687DF58-F00A-4029-9A1B-8DB3EB4E8621}"
EndProject
Global
	GlobalSection(SolutionConfigurationPlatforms) = preSolution
		Debug|Any CPU = Debug|Any CPU
		Debug|Mixed Platforms = Debug|Mixed Platforms
		Debug|x86 = Debug|x86
		Release|Any CPU = Release|Any CPU
		Release|Mixed Platforms = Release|Mixed Platforms
		Release|x86 = Release|x86
	EndGlobalSection
	GlobalSection(ProjectConfigurationPlatforms) = postSolution
		{DD02B14C-0413-40FA-8FC7-D5387875E138}.Debug|Any CPU.ActiveCfg = Debug|Any CPU
		{DD02B14C-0413-40FA-8FC7-D5387875E138}.Debug|Any CPU.Build.0 = Debug|Any CPU
		{DD02B14C-0413-40FA-8FC7-D5387875E138}.Debug|Mixed Platforms.ActiveCfg = Debug|Any CPU
		{DD02B14C-0413-40FA-8FC7-D5387875E138}.Debug|Mixed Platforms.Build.0 = Debug|Any CPU
		{DD02B14C-0413-40FA-8FC7-D5387875E138}.Debug|x86.ActiveCfg = Debug|Any CPU
		{DD02B14C-0413-40FA-8FC7-D5387875E138}.Release|Any CPU.ActiveCfg = Release|Any CPU
		{DD02B14C-0413-40FA-8FC7-D5387875E138}.Release|Any CPU.Build.0 = Release|Any CPU
		{DD02B14C-0413-40FA-8FC7-D5387875E138}.Release|Mixed Platforms.ActiveCfg = Release|Any CPU
		{DD02B14C-0413-40FA-8FC7-D5387875E138}.Release|Mixed Platforms.Build.0 = Release|Any CPU
		{DD02B14C-0413-40FA-8FC7-D5387875E138}.Release|x86.ActiveCfg = Release|Any CPU
		{0811F234-F4C3-467A-AD07-B47D2F2E501F}.Debug|Any CPU.ActiveCfg = Debug|Any CPU
		{0811F234-F4C3-467A-AD07-B47D2F2E501F}.Debug|Any CPU.Build.0 = Debug|Any CPU
		{0811F234-F4C3-467A-AD07-B47D2F2E501F}.Debug|Mixed Platforms.ActiveCfg = Debug|Any CPU
		{0811F234-F4C3-467A-AD07-B47D2F2E501F}.Debug|Mixed Platforms.Build.0 = Debug|Any CPU
		{0811F234-F4C3-467A-AD07-B47D2F2E501F}.Debug|x86.ActiveCfg = Debug|Any CPU
		{0811F234-F4C3-467A-AD07-B47D2F2E501F}.Debug|x86.Build.0 = Debug|Any CPU
		{0811F234-F4C3-467A-AD07-B47D2F2E501F}.Release|Any CPU.ActiveCfg = Release|Any CPU
		{0811F234-F4C3-467A-AD07-B47D2F2E501F}.Release|Any CPU.Build.0 = Release|Any CPU
		{0811F234-F4C3-467A-AD07-B47D2F2E501F}.Release|Mixed Platforms.ActiveCfg = Release|Any CPU
		{0811F234-F4C3-467A-AD07-B47D2F2E501F}.Release|Mixed Platforms.Build.0 = Release|Any CPU
		{0811F234-F4C3-467A-AD07-B47D2F2E501F}.Release|x86.ActiveCfg = Release|Any CPU
		{0811F234-F4C3-467A-AD07-B47D2F2E501F}.Release|x86.Build.0 = Release|Any CPU
		{60874D70-D2AF-46A4-8305-EFE7237654A9}.Debug|Any CPU.ActiveCfg = Debug|Any CPU
		{60874D70-D2AF-46A4-8305-EFE7237654A9}.Debug|Any CPU.Build.0 = Debug|Any CPU
		{60874D70-D2AF-46A4-8305-EFE7237654A9}.Debug|Mixed Platforms.ActiveCfg = Debug|Any CPU
		{60874D70-D2AF-46A4-8305-EFE7237654A9}.Debug|Mixed Platforms.Build.0 = Debug|Any CPU
		{60874D70-D2AF-46A4-8305-EFE7237654A9}.Debug|x86.ActiveCfg = Debug|Any CPU
		{60874D70-D2AF-46A4-8305-EFE7237654A9}.Debug|x86.Build.0 = Debug|Any CPU
		{60874D70-D2AF-46A4-8305-EFE7237654A9}.Release|Any CPU.ActiveCfg = Release|Any CPU
		{60874D70-D2AF-46A4-8305-EFE7237654A9}.Release|Any CPU.Build.0 = Release|Any CPU
		{60874D70-D2AF-46A4-8305-EFE7237654A9}.Release|Mixed Platforms.ActiveCfg = Release|Any CPU
		{60874D70-D2AF-46A4-8305-EFE7237654A9}.Release|Mixed Platforms.Build.0 = Release|Any CPU
		{60874D70-D2AF-46A4-8305-EFE7237654A9}.Release|x86.ActiveCfg = Release|Any CPU
		{60874D70-D2AF-46A4-8305-EFE7237654A9}.Release|x86.Build.0 = Release|Any CPU
		{55175C42-0ACC-4D7F-8DD4-23B71DDE159E}.Debug|Any CPU.ActiveCfg = Debug|Any CPU
		{55175C42-0ACC-4D7F-8DD4-23B71DDE159E}.Debug|Any CPU.Build.0 = Debug|Any CPU
		{55175C42-0ACC-4D7F-8DD4-23B71DDE159E}.Debug|Mixed Platforms.ActiveCfg = Debug|Any CPU
		{55175C42-0ACC-4D7F-8DD4-23B71DDE159E}.Debug|Mixed Platforms.Build.0 = Debug|Any CPU
		{55175C42-0ACC-4D7F-8DD4-23B71DDE159E}.Debug|x86.ActiveCfg = Debug|Any CPU
		{55175C42-0ACC-4D7F-8DD4-23B71DDE159E}.Debug|x86.Build.0 = Debug|Any CPU
		{55175C42-0ACC-4D7F-8DD4-23B71DDE159E}.Release|Any CPU.ActiveCfg = Release|Any CPU
		{55175C42-0ACC-4D7F-8DD4-23B71DDE159E}.Release|Any CPU.Build.0 = Release|Any CPU
		{55175C42-0ACC-4D7F-8DD4-23B71DDE159E}.Release|Mixed Platforms.ActiveCfg = Release|Any CPU
		{55175C42-0ACC-4D7F-8DD4-23B71DDE159E}.Release|Mixed Platforms.Build.0 = Release|Any CPU
		{55175C42-0ACC-4D7F-8DD4-23B71DDE159E}.Release|x86.ActiveCfg = Release|Any CPU
		{55175C42-0ACC-4D7F-8DD4-23B71DDE159E}.Release|x86.Build.0 = Release|Any CPU
		{174F0D2D-0678-454E-957E-9098ACA559CE}.Debug|Any CPU.ActiveCfg = Debug|Any CPU
		{174F0D2D-0678-454E-957E-9098ACA559CE}.Debug|Any CPU.Build.0 = Debug|Any CPU
		{174F0D2D-0678-454E-957E-9098ACA559CE}.Debug|Mixed Platforms.ActiveCfg = Debug|Any CPU
		{174F0D2D-0678-454E-957E-9098ACA559CE}.Debug|Mixed Platforms.Build.0 = Debug|Any CPU
		{174F0D2D-0678-454E-957E-9098ACA559CE}.Debug|x86.ActiveCfg = Debug|Any CPU
		{174F0D2D-0678-454E-957E-9098ACA559CE}.Debug|x86.Build.0 = Debug|Any CPU
		{174F0D2D-0678-454E-957E-9098ACA559CE}.Release|Any CPU.ActiveCfg = Release|Any CPU
		{174F0D2D-0678-454E-957E-9098ACA559CE}.Release|Any CPU.Build.0 = Release|Any CPU
		{174F0D2D-0678-454E-957E-9098ACA559CE}.Release|Mixed Platforms.ActiveCfg = Release|Any CPU
		{174F0D2D-0678-454E-957E-9098ACA559CE}.Release|Mixed Platforms.Build.0 = Release|Any CPU
		{174F0D2D-0678-454E-957E-9098ACA559CE}.Release|x86.ActiveCfg = Release|Any CPU
		{174F0D2D-0678-454E-957E-9098ACA559CE}.Release|x86.Build.0 = Release|Any CPU
		{1687DF58-F00A-4029-9A1B-8DB3EB4E8621}.Debug|Any CPU.ActiveCfg = Debug|Any CPU
		{1687DF58-F00A-4029-9A1B-8DB3EB4E8621}.Debug|Any CPU.Build.0 = Debug|Any CPU
		{1687DF58-F00A-4029-9A1B-8DB3EB4E8621}.Debug|Mixed Platforms.ActiveCfg = Debug|Any CPU
		{1687DF58-F00A-4029-9A1B-8DB3EB4E8621}.Debug|Mixed Platforms.Build.0 = Debug|Any CPU
		{1687DF58-F00A-4029-9A1B-8DB3EB4E8621}.Debug|x86.ActiveCfg = Debug|Any CPU
		{1687DF58-F00A-4029-9A1B-8DB3EB4E8621}.Debug|x86.Build.0 = Debug|Any CPU
		{1687DF58-F00A-4029-9A1B-8DB3EB4E8621}.Release|Any CPU.ActiveCfg = Release|Any CPU
		{1687DF58-F00A-4029-9A1B-8DB3EB4E8621}.Release|Any CPU.Build.0 = Release|Any CPU
		{1687DF58-F00A-4029-9A1B-8DB3EB4E8621}.Release|Mixed Platforms.ActiveCfg = Release|Any CPU
		{1687DF58-F00A-4029-9A1B-8DB3EB4E8621}.Release|Mixed Platforms.Build.0 = Release|Any CPU
		{1687DF58-F00A-4029-9A1B-8DB3EB4E8621}.Release|x86.ActiveCfg = Release|Any CPU
		{1687DF58-F00A-4029-9A1B-8DB3EB4E8621}.Release|x86.Build.0 = Release|Any CPU
	EndGlobalSection
	GlobalSection(SolutionProperties) = preSolution
		HideSolutionNode = FALSE
	EndGlobalSection
	GlobalSection(ExtensibilityGlobals) = postSolution
		SolutionGuid = {ECE2B68D-7C55-494F-B13C-770BE2639552}
	EndGlobalSection
EndGlobal
